
Microsoft Visual Studio Solution File, Format Version 12.00
# Visual Studio 2017
Project("{FAE04EC0-301F-11D3-BF4B-00C04F79EFBC}") = "Bezier3D", "Bezier3D.csproj", "{24AE11FC-7F60-9864-7197-06CBE2CED95B}"
EndProject
Project("{FAE04EC0-301F-11D3-BF4B-00C04F79EFBC}") = "Bezier3D.Editor", "Bezier3D.Editor.csproj", "{81E0CAB3-266E-154E-1D78-C5B9A919301E}"
EndProject
Global
	GlobalSection(SolutionConfigurationPlatforms) = preSolution
		Debug|Any CPU = Debug|Any CPU
		Release|Any CPU = Release|Any CPU
	EndGlobalSection
	GlobalSection(ProjectConfigurationPlatforms) = postSolution
		{24AE11FC-7F60-9864-7197-06CBE2CED95B}.Debug|Any CPU.ActiveCfg = Debug|Any CPU
		{24AE11FC-7F60-9864-7197-06CBE2CED95B}.Debug|Any CPU.Build.0 = Debug|Any CPU
		{24AE11FC-7F60-9864-7197-06CBE2CED95B}.Release|Any CPU.ActiveCfg = Release|Any CPU
		{24AE11FC-7F60-9864-7197-06CBE2CED95B}.Release|Any CPU.Build.0 = Release|Any CPU
		{81E0CAB3-266E-154E-1D78-C5B9A919301E}.Debug|Any CPU.ActiveCfg = Debug|Any CPU
		{81E0CAB3-266E-154E-1D78-C5B9A919301E}.Debug|Any CPU.Build.0 = Debug|Any CPU
		{81E0CAB3-266E-154E-1D78-C5B9A919301E}.Release|Any CPU.ActiveCfg = Release|Any CPU
		{81E0CAB3-266E-154E-1D78-C5B9A919301E}.Release|Any CPU.Build.0 = Release|Any CPU
	EndGlobalSection
	GlobalSection(SolutionProperties) = preSolution
		HideSolutionNode = FALSE
	EndGlobalSection
EndGlobal
