
Microsoft Visual Studio Solution File, Format Version 12.00
# Visual Studio 2015
Project("{FAE04EC0-301F-11D3-BF4B-00C04F79EFBC}") = "Bezier3D.CSharp", "Bezier3D.CSharp.csproj", "{D82FFC33-F2C0-3551-1865-067A944BB5A2}"
EndProject
Project("{FAE04EC0-301F-11D3-BF4B-00C04F79EFBC}") = "Bezier3D.CSharp.Editor", "Bezier3D.CSharp.Editor.csproj", "{F93921A3-EE15-AEE0-4F98-6EFCEBC4C6D9}"
EndProject
Global
	GlobalSection(SolutionConfigurationPlatforms) = preSolution
		Debug|Any CPU = Debug|Any CPU
		Release|Any CPU = Release|Any CPU
	EndGlobalSection
	GlobalSection(ProjectConfigurationPlatforms) = postSolution
		{D82FFC33-F2C0-3551-1865-067A944BB5A2}.Debug|Any CPU.ActiveCfg = Debug|Any CPU
		{D82FFC33-F2C0-3551-1865-067A944BB5A2}.Debug|Any CPU.Build.0 = Debug|Any CPU
		{D82FFC33-F2C0-3551-1865-067A944BB5A2}.Release|Any CPU.ActiveCfg = Release|Any CPU
		{D82FFC33-F2C0-3551-1865-067A944BB5A2}.Release|Any CPU.Build.0 = Release|Any CPU
		{F93921A3-EE15-AEE0-4F98-6EFCEBC4C6D9}.Debug|Any CPU.ActiveCfg = Debug|Any CPU
		{F93921A3-EE15-AEE0-4F98-6EFCEBC4C6D9}.Debug|Any CPU.Build.0 = Debug|Any CPU
		{F93921A3-EE15-AEE0-4F98-6EFCEBC4C6D9}.Release|Any CPU.ActiveCfg = Release|Any CPU
		{F93921A3-EE15-AEE0-4F98-6EFCEBC4C6D9}.Release|Any CPU.Build.0 = Release|Any CPU
	EndGlobalSection
	GlobalSection(SolutionProperties) = preSolution
		HideSolutionNode = FALSE
	EndGlobalSection
EndGlobal
